
Microsoft Visual Studio Solution File, Format Version 12.00
# Visual Studio Version 17
VisualStudioVersion = 17.2.32630.192
MinimumVisualStudioVersion = 10.0.40219.1
Project("{2150E333-8FDC-42A3-9474-1A3956D46DE8}") = "build", "build", "{0FC63B64-13F8-4238-9D1F-82E65F4E5D6C}"
	ProjectSection(SolutionItems) = preProject
		Directory.Build.props = Directory.Build.props
		Directory.Build.targets = Directory.Build.targets
		Directory.Packages.props = Directory.Packages.props
		global.json = global.json
		JoltPhysicsSharp.Native.targets = JoltPhysicsSharp.Native.targets
		LICENSE = LICENSE
		NuGet.config = NuGet.config
		README.md = README.md
	EndProjectSection
EndProject
Project("{2150E333-8FDC-42A3-9474-1A3956D46DE8}") = "samples", "samples", "{97BE8BBF-3CFA-4EE5-9530-862ED4AAA1B7}"
EndProject
Project("{2150E333-8FDC-42A3-9474-1A3956D46DE8}") = "tests", "tests", "{6757E0F8-8F96-4CE9-BA2E-4B2C6C2E3E50}"
EndProject
Project("{9A19103F-16F7-4668-BE54-9A1E7A4F7556}") = "JoltPhysicsSharp", "src\JoltPhysicsSharp\JoltPhysicsSharp.csproj", "{E95D00A1-3120-4871-B1EF-21A9B90D0240}"
EndProject
Project("{9A19103F-16F7-4668-BE54-9A1E7A4F7556}") = "JoltPhysicsSharp.Tests", "tests\JoltPhysicsSharp.Tests.csproj", "{66EB1AB5-040B-4F68-BFC3-B320B95557A2}"
EndProject
Project("{9A19103F-16F7-4668-BE54-9A1E7A4F7556}") = "HelloWorld", "samples\HelloWorld\HelloWorld.csproj", "{F1E62F60-D46E-49F8-BFC8-AD0E9E353F50}"
EndProject
Project("{FAE04EC0-301F-11D3-BF4B-00C04F79EFBC}") = "Alimer.SampleFramework", "samples\Alimer.SampleFramework\Alimer.SampleFramework.csproj", "{64B3D463-E219-4932-9333-2F67960E9344}"
EndProject
Project("{FAE04EC0-301F-11D3-BF4B-00C04F79EFBC}") = "01-HelloWorld", "samples\01-HelloWorld\01-HelloWorld.csproj", "{02637106-8857-4174-AEC1-E9A89C99A56A}"
EndProject
Project("{FAE04EC0-301F-11D3-BF4B-00C04F79EFBC}") = "JoltPhysics.Native", "src\JoltPhysics.Native\JoltPhysics.Native.csproj", "{88606BA4-43E9-AA73-ABA0-BF0859540D12}"
EndProject
Global
	GlobalSection(SolutionConfigurationPlatforms) = preSolution
		Debug|Any CPU = Debug|Any CPU
		Release|Any CPU = Release|Any CPU
	EndGlobalSection
	GlobalSection(ProjectConfigurationPlatforms) = postSolution
		{E95D00A1-3120-4871-B1EF-21A9B90D0240}.Debug|Any CPU.ActiveCfg = Debug|Any CPU
		{E95D00A1-3120-4871-B1EF-21A9B90D0240}.Debug|Any CPU.Build.0 = Debug|Any CPU
		{E95D00A1-3120-4871-B1EF-21A9B90D0240}.Release|Any CPU.ActiveCfg = Release|Any CPU
		{E95D00A1-3120-4871-B1EF-21A9B90D0240}.Release|Any CPU.Build.0 = Release|Any CPU
		{66EB1AB5-040B-4F68-BFC3-B320B95557A2}.Debug|Any CPU.ActiveCfg = Debug|Any CPU
		{66EB1AB5-040B-4F68-BFC3-B320B95557A2}.Debug|Any CPU.Build.0 = Debug|Any CPU
		{66EB1AB5-040B-4F68-BFC3-B320B95557A2}.Release|Any CPU.ActiveCfg = Release|Any CPU
		{66EB1AB5-040B-4F68-BFC3-B320B95557A2}.Release|Any CPU.Build.0 = Release|Any CPU
		{F1E62F60-D46E-49F8-BFC8-AD0E9E353F50}.Debug|Any CPU.ActiveCfg = Debug|Any CPU
		{F1E62F60-D46E-49F8-BFC8-AD0E9E353F50}.Debug|Any CPU.Build.0 = Debug|Any CPU
		{F1E62F60-D46E-49F8-BFC8-AD0E9E353F50}.Release|Any CPU.ActiveCfg = Release|Any CPU
		{F1E62F60-D46E-49F8-BFC8-AD0E9E353F50}.Release|Any CPU.Build.0 = Release|Any CPU
		{64B3D463-E219-4932-9333-2F67960E9344}.Debug|Any CPU.ActiveCfg = Debug|Any CPU
		{64B3D463-E219-4932-9333-2F67960E9344}.Debug|Any CPU.Build.0 = Debug|Any CPU
		{64B3D463-E219-4932-9333-2F67960E9344}.Release|Any CPU.ActiveCfg = Release|Any CPU
		{64B3D463-E219-4932-9333-2F67960E9344}.Release|Any CPU.Build.0 = Release|Any CPU
		{02637106-8857-4174-AEC1-E9A89C99A56A}.Debug|Any CPU.ActiveCfg = Debug|Any CPU
		{02637106-8857-4174-AEC1-E9A89C99A56A}.Debug|Any CPU.Build.0 = Debug|Any CPU
		{02637106-8857-4174-AEC1-E9A89C99A56A}.Release|Any CPU.ActiveCfg = Release|Any CPU
		{02637106-8857-4174-AEC1-E9A89C99A56A}.Release|Any CPU.Build.0 = Release|Any CPU
		{88606BA4-43E9-AA73-ABA0-BF0859540D12}.Debug|Any CPU.ActiveCfg = Debug|Any CPU
		{88606BA4-43E9-AA73-ABA0-BF0859540D12}.Debug|Any CPU.Build.0 = Debug|Any CPU
		{88606BA4-43E9-AA73-ABA0-BF0859540D12}.Release|Any CPU.ActiveCfg = Release|Any CPU
		{88606BA4-43E9-AA73-ABA0-BF0859540D12}.Release|Any CPU.Build.0 = Release|Any CPU
	EndGlobalSection
	GlobalSection(SolutionProperties) = preSolution
		HideSolutionNode = FALSE
	EndGlobalSection
	GlobalSection(NestedProjects) = preSolution
		{66EB1AB5-040B-4F68-BFC3-B320B95557A2} = {6757E0F8-8F96-4CE9-BA2E-4B2C6C2E3E50}
		{F1E62F60-D46E-49F8-BFC8-AD0E9E353F50} = {97BE8BBF-3CFA-4EE5-9530-862ED4AAA1B7}
		{64B3D463-E219-4932-9333-2F67960E9344} = {97BE8BBF-3CFA-4EE5-9530-862ED4AAA1B7}
		{02637106-8857-4174-AEC1-E9A89C99A56A} = {97BE8BBF-3CFA-4EE5-9530-862ED4AAA1B7}
	EndGlobalSection
	GlobalSection(ExtensibilityGlobals) = postSolution
		SolutionGuid = {7315E8D4-D93C-4516-A973-02FEF89B408A}
	EndGlobalSection
EndGlobal
